{
  "name": "Dashboardv2",
  "lockfileVersion": 3,
  "requires": true,
  "packages": {
    "": {
      "dependencies": {
        "@fontsource-variable/josefin-sans": "^5.2.8",
        "@fontsource-variable/josefin-slab": "^5.2.7"
      }
    },
    "node_modules/@fontsource-variable/josefin-sans": {
      "version": "5.2.8",
      "resolved": "https://registry.npmjs.org/@fontsource-variable/josefin-sans/-/josefin-sans-5.2.8.tgz",
      "integrity": "sha512-xt8EGt2/66JJV/mmWU2NxafIwXmDNdd1yi/bVZyRRMCtygHXPCldJrrjjDgOCJPyXbE7NWkc3g+5iE8uJJGbFA==",
      "license": "OFL-1.1",
      "funding": {
        "url": "https://github.com/sponsors/ayuhito"
      }
    },
    "node_modules/@fontsource-variable/josefin-slab": {
      "version": "5.2.7",
      "resolved": "https://registry.npmjs.org/@fontsource-variable/josefin-slab/-/josefin-slab-5.2.7.tgz",
      "integrity": "sha512-TeBcQms4qT3mK69mgWVrxoFhS9yNCaMtU8QbyIPQA8YSHZFmZEmy7tHN0MciuhBUDRWsxDB1KC273za/fK1L5g==",
      "license": "OFL-1.1",
      "funding": {
        "url": "https://github.com/sponsors/ayuhito"
      }
    }
  }
}
